
Microsoft Visual Studio Solution File, Format Version 12.00
# Visual Studio 15
VisualStudioVersion = 15.0.28307.1209
MinimumVisualStudioVersion = 10.0.40219.1
Project("{FAE04EC0-301F-11D3-BF4B-00C04F79EFBC}") = "Practice", "Practice\Practice.csproj", "{6260E981-42A0-4BD7-A782-C6DBD3D74B76}"
EndProject
Global
	GlobalSection(SolutionConfigurationPlatforms) = preSolution
		Debug|Any CPU = Debug|Any CPU
		Release|Any CPU = Release|Any CPU
	EndGlobalSection
	GlobalSection(ProjectConfigurationPlatforms) = postSolution
		{6260E981-42A0-4BD7-A782-C6DBD3D74B76}.Debug|Any CPU.ActiveCfg = Debug|Any CPU
		{6260E981-42A0-4BD7-A782-C6DBD3D74B76}.Debug|Any CPU.Build.0 = Debug|Any CPU
		{6260E981-42A0-4BD7-A782-C6DBD3D74B76}.Release|Any CPU.ActiveCfg = Release|Any CPU
		{6260E981-42A0-4BD7-A782-C6DBD3D74B76}.Release|Any CPU.Build.0 = Release|Any CPU
	EndGlobalSection
	GlobalSection(SolutionProperties) = preSolution
		HideSolutionNode = FALSE
	EndGlobalSection
	GlobalSection(ExtensibilityGlobals) = postSolution
		SolutionGuid = {A62DBEFE-EF9A-4987-BA24-4DDB54D8189F}
	EndGlobalSection
EndGlobal
